
Microsoft Visual Studio Solution File, Format Version 12.00
# Visual Studio 2015
Project("{FAE04EC0-301F-11D3-BF4B-00C04F79EFBC}") = "Gem_Gladiator", "Gem_Gladiator.csproj", "{4CB0FE4B-3B49-AF4D-E5AA-0629252EE633}"
EndProject
Project("{FAE04EC0-301F-11D3-BF4B-00C04F79EFBC}") = "Gem_Gladiator.Plugins", "Gem_Gladiator.Plugins.csproj", "{44900812-EF3B-375E-F070-B11DC3E64A7F}"
EndProject
Project("{FAE04EC0-301F-11D3-BF4B-00C04F79EFBC}") = "Gem_Gladiator.Editor", "Gem_Gladiator.Editor.csproj", "{58637131-A45E-11BF-DEE0-C7DE2AC8DF4F}"
EndProject
Project("{FAE04EC0-301F-11D3-BF4B-00C04F79EFBC}") = "Gem_Gladiator.Editor.Plugins", "Gem_Gladiator.Editor.Plugins.csproj", "{03595B8A-9562-A702-3139-4C4741F74BD8}"
EndProject
Global
	GlobalSection(SolutionConfigurationPlatforms) = preSolution
		Debug|Any CPU = Debug|Any CPU
		Release|Any CPU = Release|Any CPU
	EndGlobalSection
	GlobalSection(ProjectConfigurationPlatforms) = postSolution
		{4CB0FE4B-3B49-AF4D-E5AA-0629252EE633}.Debug|Any CPU.ActiveCfg = Debug|Any CPU
		{4CB0FE4B-3B49-AF4D-E5AA-0629252EE633}.Debug|Any CPU.Build.0 = Debug|Any CPU
		{4CB0FE4B-3B49-AF4D-E5AA-0629252EE633}.Release|Any CPU.ActiveCfg = Release|Any CPU
		{4CB0FE4B-3B49-AF4D-E5AA-0629252EE633}.Release|Any CPU.Build.0 = Release|Any CPU
		{44900812-EF3B-375E-F070-B11DC3E64A7F}.Debug|Any CPU.ActiveCfg = Debug|Any CPU
		{44900812-EF3B-375E-F070-B11DC3E64A7F}.Debug|Any CPU.Build.0 = Debug|Any CPU
		{44900812-EF3B-375E-F070-B11DC3E64A7F}.Release|Any CPU.ActiveCfg = Release|Any CPU
		{44900812-EF3B-375E-F070-B11DC3E64A7F}.Release|Any CPU.Build.0 = Release|Any CPU
		{58637131-A45E-11BF-DEE0-C7DE2AC8DF4F}.Debug|Any CPU.ActiveCfg = Debug|Any CPU
		{58637131-A45E-11BF-DEE0-C7DE2AC8DF4F}.Debug|Any CPU.Build.0 = Debug|Any CPU
		{58637131-A45E-11BF-DEE0-C7DE2AC8DF4F}.Release|Any CPU.ActiveCfg = Release|Any CPU
		{58637131-A45E-11BF-DEE0-C7DE2AC8DF4F}.Release|Any CPU.Build.0 = Release|Any CPU
		{03595B8A-9562-A702-3139-4C4741F74BD8}.Debug|Any CPU.ActiveCfg = Debug|Any CPU
		{03595B8A-9562-A702-3139-4C4741F74BD8}.Debug|Any CPU.Build.0 = Debug|Any CPU
		{03595B8A-9562-A702-3139-4C4741F74BD8}.Release|Any CPU.ActiveCfg = Release|Any CPU
		{03595B8A-9562-A702-3139-4C4741F74BD8}.Release|Any CPU.Build.0 = Release|Any CPU
	EndGlobalSection
	GlobalSection(SolutionProperties) = preSolution
		HideSolutionNode = FALSE
	EndGlobalSection
EndGlobal
