
Microsoft Visual Studio Solution File, Format Version 11.00
# Visual Studio 2010
Project("{FAE04EC0-301F-11D3-BF4B-00C04F79EFBC}") = "GEM_GLADIATOR", "Assembly-CSharp.csproj", "{D88AB50D-B7CB-4EC2-B6AD-615AB8AAF1E7}"
EndProject
Project("{FAE04EC0-301F-11D3-BF4B-00C04F79EFBC}") = "GEM_GLADIATOR", "Assembly-CSharp-Editor.csproj", "{DC3D6BC3-ED25-ADCA-E121-C1E202A6CB37}"
EndProject
Global
	GlobalSection(SolutionConfigurationPlatforms) = preSolution
		Debug|Any CPU = Debug|Any CPU
		Release|Any CPU = Release|Any CPU
	EndGlobalSection
	GlobalSection(ProjectConfigurationPlatforms) = postSolution
		{D88AB50D-B7CB-4EC2-B6AD-615AB8AAF1E7}.Debug|Any CPU.ActiveCfg = Debug|Any CPU
		{D88AB50D-B7CB-4EC2-B6AD-615AB8AAF1E7}.Debug|Any CPU.Build.0 = Debug|Any CPU
		{D88AB50D-B7CB-4EC2-B6AD-615AB8AAF1E7}.Release|Any CPU.ActiveCfg = Release|Any CPU
		{D88AB50D-B7CB-4EC2-B6AD-615AB8AAF1E7}.Release|Any CPU.Build.0 = Release|Any CPU
		{DC3D6BC3-ED25-ADCA-E121-C1E202A6CB37}.Debug|Any CPU.ActiveCfg = Debug|Any CPU
		{DC3D6BC3-ED25-ADCA-E121-C1E202A6CB37}.Debug|Any CPU.Build.0 = Debug|Any CPU
		{DC3D6BC3-ED25-ADCA-E121-C1E202A6CB37}.Release|Any CPU.ActiveCfg = Release|Any CPU
		{DC3D6BC3-ED25-ADCA-E121-C1E202A6CB37}.Release|Any CPU.Build.0 = Release|Any CPU
	EndGlobalSection
	GlobalSection(SolutionProperties) = preSolution
		HideSolutionNode = FALSE
	EndGlobalSection
	GlobalSection(MonoDevelopProperties) = preSolution
		StartupItem = Assembly-CSharp.csproj
	EndGlobalSection
EndGlobal
